
Microsoft Visual Studio Solution File, Format Version 12.00
# Visual Studio Version 17
VisualStudioVersion = 17.0.31903.59
MinimumVisualStudioVersion = 10.0.40219.1
Project("{2150E333-8FDC-42A3-9474-1A3956D46DE8}") = "src", "src", "{827E0CD3-B72D-47B6-A68D-7590B98EB39B}"
EndProject
Project("{FAE04EC0-301F-11D3-BF4B-00C04F79EFBC}") = "Miastro.Application", "src\Miastro.Application\Miastro.Application.csproj", "{1050C956-D4BE-4721-891C-72B1F416A2DC}"
EndProject
Project("{FAE04EC0-301F-11D3-BF4B-00C04F79EFBC}") = "Miastro.Domain", "src\Miastro.Domain\Miastro.Domain.csproj", "{12625EFF-92A4-4924-9789-F713D9F200A4}"
EndProject
Project("{FAE04EC0-301F-11D3-BF4B-00C04F79EFBC}") = "Miastro.Astronomy.Abstractions", "src\Miastro.Astronomy.Abstractions\Miastro.Astronomy.Abstractions.csproj", "{E8360CE0-361C-46DA-88CB-BFCCA64CB969}"
EndProject
Project("{FAE04EC0-301F-11D3-BF4B-00C04F79EFBC}") = "Miastro.Infrastructure.Persistence", "src\Miastro.Infrastructure.Persistence\Miastro.Infrastructure.Persistence.csproj", "{36C05444-B087-480C-A581-19856274D406}"
EndProject
Project("{FAE04EC0-301F-11D3-BF4B-00C04F79EFBC}") = "Miastro.Infrastructure.Geography", "src\Miastro.Infrastructure.Geography\Miastro.Infrastructure.Geography.csproj", "{FB0F5300-839B-4C62-8254-700B2FC8AE09}"
EndProject
Project("{FAE04EC0-301F-11D3-BF4B-00C04F79EFBC}") = "Miastro.Infrastructure.Time", "src\Miastro.Infrastructure.Time\Miastro.Infrastructure.Time.csproj", "{75F0425C-3615-4BD8-959B-5D9737CF03E4}"
EndProject
Project("{FAE04EC0-301F-11D3-BF4B-00C04F79EFBC}") = "Miastro.Infrastructure.Platform.Linux", "src\Miastro.Infrastructure.Platform.Linux\Miastro.Infrastructure.Platform.Linux.csproj", "{B18982F6-D0EF-466B-915D-798F793BC1E8}"
EndProject
Project("{FAE04EC0-301F-11D3-BF4B-00C04F79EFBC}") = "Miastro.Infrastructure.Printing.Linux", "src\Miastro.Infrastructure.Printing.Linux\Miastro.Infrastructure.Printing.Linux.csproj", "{033C7681-A909-4018-8547-70AADC6E8EA3}"
EndProject
Project("{FAE04EC0-301F-11D3-BF4B-00C04F79EFBC}") = "Miastro.Infrastructure.SwissEphemeris", "src\Miastro.Infrastructure.SwissEphemeris\Miastro.Infrastructure.SwissEphemeris.csproj", "{C03B607D-C824-4030-B8CF-D04F66750902}"
EndProject
Project("{FAE04EC0-301F-11D3-BF4B-00C04F79EFBC}") = "Miastro.Graphics", "src\Miastro.Graphics\Miastro.Graphics.csproj", "{B0296E3E-EBF2-4E87-9BD2-DEA34C522997}"
EndProject
Project("{FAE04EC0-301F-11D3-BF4B-00C04F79EFBC}") = "Miastro.Graphics.Skia", "src\Miastro.Graphics.Skia\Miastro.Graphics.Skia.csproj", "{19333BA5-7607-44DC-AFF7-86F785B55E4B}"
EndProject
Project("{FAE04EC0-301F-11D3-BF4B-00C04F79EFBC}") = "Miastro.Interpretation", "src\Miastro.Interpretation\Miastro.Interpretation.csproj", "{20D0E8AE-7DA5-4E5F-A000-53C78B841C22}"
EndProject
Project("{FAE04EC0-301F-11D3-BF4B-00C04F79EFBC}") = "Miastro.Reports", "src\Miastro.Reports\Miastro.Reports.csproj", "{964FB71C-A673-4ECA-A161-73D2ED60E90B}"
EndProject
Project("{FAE04EC0-301F-11D3-BF4B-00C04F79EFBC}") = "Miastro.Export", "src\Miastro.Export\Miastro.Export.csproj", "{42EF960D-E40F-4EC6-8038-B081C3BE1F28}"
EndProject
Project("{FAE04EC0-301F-11D3-BF4B-00C04F79EFBC}") = "Miastro.Bootstrap", "src\Miastro.Bootstrap\Miastro.Bootstrap.csproj", "{014B6680-043F-43C9-BD3F-25100D6702B8}"
EndProject
Project("{FAE04EC0-301F-11D3-BF4B-00C04F79EFBC}") = "Miastro.UI.Avalonia", "src\Miastro.UI.Avalonia\Miastro.UI.Avalonia.csproj", "{A5AC2370-958E-4A1F-8C3C-931F46917BE5}"
EndProject
Project("{2150E333-8FDC-42A3-9474-1A3956D46DE8}") = "tests", "tests", "{0AB3BF05-4346-4AA6-1389-037BE0695223}"
EndProject
Project("{FAE04EC0-301F-11D3-BF4B-00C04F79EFBC}") = "Miastro.Tests", "tests\Miastro.Tests\Miastro.Tests.csproj", "{C3326952-DAAD-4C4F-92F3-4C822E28D037}"
EndProject
Global
	GlobalSection(SolutionConfigurationPlatforms) = preSolution
		Debug|Any CPU = Debug|Any CPU
		Debug|x64 = Debug|x64
		Debug|x86 = Debug|x86
		Release|Any CPU = Release|Any CPU
		Release|x64 = Release|x64
		Release|x86 = Release|x86
	EndGlobalSection
	GlobalSection(ProjectConfigurationPlatforms) = postSolution
		{1050C956-D4BE-4721-891C-72B1F416A2DC}.Debug|Any CPU.ActiveCfg = Debug|Any CPU
		{1050C956-D4BE-4721-891C-72B1F416A2DC}.Debug|Any CPU.Build.0 = Debug|Any CPU
		{1050C956-D4BE-4721-891C-72B1F416A2DC}.Debug|x64.ActiveCfg = Debug|Any CPU
		{1050C956-D4BE-4721-891C-72B1F416A2DC}.Debug|x64.Build.0 = Debug|Any CPU
		{1050C956-D4BE-4721-891C-72B1F416A2DC}.Debug|x86.ActiveCfg = Debug|Any CPU
		{1050C956-D4BE-4721-891C-72B1F416A2DC}.Debug|x86.Build.0 = Debug|Any CPU
		{1050C956-D4BE-4721-891C-72B1F416A2DC}.Release|Any CPU.ActiveCfg = Release|Any CPU
		{1050C956-D4BE-4721-891C-72B1F416A2DC}.Release|Any CPU.Build.0 = Release|Any CPU
		{1050C956-D4BE-4721-891C-72B1F416A2DC}.Release|x64.ActiveCfg = Release|Any CPU
		{1050C956-D4BE-4721-891C-72B1F416A2DC}.Release|x64.Build.0 = Release|Any CPU
		{1050C956-D4BE-4721-891C-72B1F416A2DC}.Release|x86.ActiveCfg = Release|Any CPU
		{1050C956-D4BE-4721-891C-72B1F416A2DC}.Release|x86.Build.0 = Release|Any CPU
		{12625EFF-92A4-4924-9789-F713D9F200A4}.Debug|Any CPU.ActiveCfg = Debug|Any CPU
		{12625EFF-92A4-4924-9789-F713D9F200A4}.Debug|Any CPU.Build.0 = Debug|Any CPU
		{12625EFF-92A4-4924-9789-F713D9F200A4}.Debug|x64.ActiveCfg = Debug|Any CPU
		{12625EFF-92A4-4924-9789-F713D9F200A4}.Debug|x64.Build.0 = Debug|Any CPU
		{12625EFF-92A4-4924-9789-F713D9F200A4}.Debug|x86.ActiveCfg = Debug|Any CPU
		{12625EFF-92A4-4924-9789-F713D9F200A4}.Debug|x86.Build.0 = Debug|Any CPU
		{12625EFF-92A4-4924-9789-F713D9F200A4}.Release|Any CPU.ActiveCfg = Release|Any CPU
		{12625EFF-92A4-4924-9789-F713D9F200A4}.Release|Any CPU.Build.0 = Release|Any CPU
		{12625EFF-92A4-4924-9789-F713D9F200A4}.Release|x64.ActiveCfg = Release|Any CPU
		{12625EFF-92A4-4924-9789-F713D9F200A4}.Release|x64.Build.0 = Release|Any CPU
		{12625EFF-92A4-4924-9789-F713D9F200A4}.Release|x86.ActiveCfg = Release|Any CPU
		{12625EFF-92A4-4924-9789-F713D9F200A4}.Release|x86.Build.0 = Release|Any CPU
		{E8360CE0-361C-46DA-88CB-BFCCA64CB969}.Debug|Any CPU.ActiveCfg = Debug|Any CPU
		{E8360CE0-361C-46DA-88CB-BFCCA64CB969}.Debug|Any CPU.Build.0 = Debug|Any CPU
		{E8360CE0-361C-46DA-88CB-BFCCA64CB969}.Debug|x64.ActiveCfg = Debug|Any CPU
		{E8360CE0-361C-46DA-88CB-BFCCA64CB969}.Debug|x64.Build.0 = Debug|Any CPU
		{E8360CE0-361C-46DA-88CB-BFCCA64CB969}.Debug|x86.ActiveCfg = Debug|Any CPU
		{E8360CE0-361C-46DA-88CB-BFCCA64CB969}.Debug|x86.Build.0 = Debug|Any CPU
		{E8360CE0-361C-46DA-88CB-BFCCA64CB969}.Release|Any CPU.ActiveCfg = Release|Any CPU
		{E8360CE0-361C-46DA-88CB-BFCCA64CB969}.Release|Any CPU.Build.0 = Release|Any CPU
		{E8360CE0-361C-46DA-88CB-BFCCA64CB969}.Release|x64.ActiveCfg = Release|Any CPU
		{E8360CE0-361C-46DA-88CB-BFCCA64CB969}.Release|x64.Build.0 = Release|Any CPU
		{E8360CE0-361C-46DA-88CB-BFCCA64CB969}.Release|x86.ActiveCfg = Release|Any CPU
		{E8360CE0-361C-46DA-88CB-BFCCA64CB969}.Release|x86.Build.0 = Release|Any CPU
		{36C05444-B087-480C-A581-19856274D406}.Debug|Any CPU.ActiveCfg = Debug|Any CPU
		{36C05444-B087-480C-A581-19856274D406}.Debug|Any CPU.Build.0 = Debug|Any CPU
		{36C05444-B087-480C-A581-19856274D406}.Debug|x64.ActiveCfg = Debug|Any CPU
		{36C05444-B087-480C-A581-19856274D406}.Debug|x64.Build.0 = Debug|Any CPU
		{36C05444-B087-480C-A581-19856274D406}.Debug|x86.ActiveCfg = Debug|Any CPU
		{36C05444-B087-480C-A581-19856274D406}.Debug|x86.Build.0 = Debug|Any CPU
		{36C05444-B087-480C-A581-19856274D406}.Release|Any CPU.ActiveCfg = Release|Any CPU
		{36C05444-B087-480C-A581-19856274D406}.Release|Any CPU.Build.0 = Release|Any CPU
		{36C05444-B087-480C-A581-19856274D406}.Release|x64.ActiveCfg = Release|Any CPU
		{36C05444-B087-480C-A581-19856274D406}.Release|x64.Build.0 = Release|Any CPU
		{36C05444-B087-480C-A581-19856274D406}.Release|x86.ActiveCfg = Release|Any CPU
		{36C05444-B087-480C-A581-19856274D406}.Release|x86.Build.0 = Release|Any CPU
		{FB0F5300-839B-4C62-8254-700B2FC8AE09}.Debug|Any CPU.ActiveCfg = Debug|Any CPU
		{FB0F5300-839B-4C62-8254-700B2FC8AE09}.Debug|Any CPU.Build.0 = Debug|Any CPU
		{FB0F5300-839B-4C62-8254-700B2FC8AE09}.Debug|x64.ActiveCfg = Debug|Any CPU
		{FB0F5300-839B-4C62-8254-700B2FC8AE09}.Debug|x64.Build.0 = Debug|Any CPU
		{FB0F5300-839B-4C62-8254-700B2FC8AE09}.Debug|x86.ActiveCfg = Debug|Any CPU
		{FB0F5300-839B-4C62-8254-700B2FC8AE09}.Debug|x86.Build.0 = Debug|Any CPU
		{FB0F5300-839B-4C62-8254-700B2FC8AE09}.Release|Any CPU.ActiveCfg = Release|Any CPU
		{FB0F5300-839B-4C62-8254-700B2FC8AE09}.Release|Any CPU.Build.0 = Release|Any CPU
		{FB0F5300-839B-4C62-8254-700B2FC8AE09}.Release|x64.ActiveCfg = Release|Any CPU
		{FB0F5300-839B-4C62-8254-700B2FC8AE09}.Release|x64.Build.0 = Release|Any CPU
		{FB0F5300-839B-4C62-8254-700B2FC8AE09}.Release|x86.ActiveCfg = Release|Any CPU
		{FB0F5300-839B-4C62-8254-700B2FC8AE09}.Release|x86.Build.0 = Release|Any CPU
		{75F0425C-3615-4BD8-959B-5D9737CF03E4}.Debug|Any CPU.ActiveCfg = Debug|Any CPU
		{75F0425C-3615-4BD8-959B-5D9737CF03E4}.Debug|Any CPU.Build.0 = Debug|Any CPU
		{75F0425C-3615-4BD8-959B-5D9737CF03E4}.Debug|x64.ActiveCfg = Debug|Any CPU
		{75F0425C-3615-4BD8-959B-5D9737CF03E4}.Debug|x64.Build.0 = Debug|Any CPU
		{75F0425C-3615-4BD8-959B-5D9737CF03E4}.Debug|x86.ActiveCfg = Debug|Any CPU
		{75F0425C-3615-4BD8-959B-5D9737CF03E4}.Debug|x86.Build.0 = Debug|Any CPU
		{75F0425C-3615-4BD8-959B-5D9737CF03E4}.Release|Any CPU.ActiveCfg = Release|Any CPU
		{75F0425C-3615-4BD8-959B-5D9737CF03E4}.Release|Any CPU.Build.0 = Release|Any CPU
		{75F0425C-3615-4BD8-959B-5D9737CF03E4}.Release|x64.ActiveCfg = Release|Any CPU
		{75F0425C-3615-4BD8-959B-5D9737CF03E4}.Release|x64.Build.0 = Release|Any CPU
		{75F0425C-3615-4BD8-959B-5D9737CF03E4}.Release|x86.ActiveCfg = Release|Any CPU
		{75F0425C-3615-4BD8-959B-5D9737CF03E4}.Release|x86.Build.0 = Release|Any CPU
		{B18982F6-D0EF-466B-915D-798F793BC1E8}.Debug|Any CPU.ActiveCfg = Debug|Any CPU
		{B18982F6-D0EF-466B-915D-798F793BC1E8}.Debug|Any CPU.Build.0 = Debug|Any CPU
		{B18982F6-D0EF-466B-915D-798F793BC1E8}.Debug|x64.ActiveCfg = Debug|Any CPU
		{B18982F6-D0EF-466B-915D-798F793BC1E8}.Debug|x64.Build.0 = Debug|Any CPU
		{B18982F6-D0EF-466B-915D-798F793BC1E8}.Debug|x86.ActiveCfg = Debug|Any CPU
		{B18982F6-D0EF-466B-915D-798F793BC1E8}.Debug|x86.Build.0 = Debug|Any CPU
		{B18982F6-D0EF-466B-915D-798F793BC1E8}.Release|Any CPU.ActiveCfg = Release|Any CPU
		{B18982F6-D0EF-466B-915D-798F793BC1E8}.Release|Any CPU.Build.0 = Release|Any CPU
		{B18982F6-D0EF-466B-915D-798F793BC1E8}.Release|x64.ActiveCfg = Release|Any CPU
		{B18982F6-D0EF-466B-915D-798F793BC1E8}.Release|x64.Build.0 = Release|Any CPU
		{B18982F6-D0EF-466B-915D-798F793BC1E8}.Release|x86.ActiveCfg = Release|Any CPU
		{B18982F6-D0EF-466B-915D-798F793BC1E8}.Release|x86.Build.0 = Release|Any CPU
		{033C7681-A909-4018-8547-70AADC6E8EA3}.Debug|Any CPU.ActiveCfg = Debug|Any CPU
		{033C7681-A909-4018-8547-70AADC6E8EA3}.Debug|Any CPU.Build.0 = Debug|Any CPU
		{033C7681-A909-4018-8547-70AADC6E8EA3}.Debug|x64.ActiveCfg = Debug|Any CPU
		{033C7681-A909-4018-8547-70AADC6E8EA3}.Debug|x64.Build.0 = Debug|Any CPU
		{033C7681-A909-4018-8547-70AADC6E8EA3}.Debug|x86.ActiveCfg = Debug|Any CPU
		{033C7681-A909-4018-8547-70AADC6E8EA3}.Debug|x86.Build.0 = Debug|Any CPU
		{033C7681-A909-4018-8547-70AADC6E8EA3}.Release|Any CPU.ActiveCfg = Release|Any CPU
		{033C7681-A909-4018-8547-70AADC6E8EA3}.Release|Any CPU.Build.0 = Release|Any CPU
		{033C7681-A909-4018-8547-70AADC6E8EA3}.Release|x64.ActiveCfg = Release|Any CPU
		{033C7681-A909-4018-8547-70AADC6E8EA3}.Release|x64.Build.0 = Release|Any CPU
		{033C7681-A909-4018-8547-70AADC6E8EA3}.Release|x86.ActiveCfg = Release|Any CPU
		{033C7681-A909-4018-8547-70AADC6E8EA3}.Release|x86.Build.0 = Release|Any CPU
		{C03B607D-C824-4030-B8CF-D04F66750902}.Debug|Any CPU.ActiveCfg = Debug|Any CPU
		{C03B607D-C824-4030-B8CF-D04F66750902}.Debug|Any CPU.Build.0 = Debug|Any CPU
		{C03B607D-C824-4030-B8CF-D04F66750902}.Debug|x64.ActiveCfg = Debug|Any CPU
		{C03B607D-C824-4030-B8CF-D04F66750902}.Debug|x64.Build.0 = Debug|Any CPU
		{C03B607D-C824-4030-B8CF-D04F66750902}.Debug|x86.ActiveCfg = Debug|Any CPU
		{C03B607D-C824-4030-B8CF-D04F66750902}.Debug|x86.Build.0 = Debug|Any CPU
		{C03B607D-C824-4030-B8CF-D04F66750902}.Release|Any CPU.ActiveCfg = Release|Any CPU
		{C03B607D-C824-4030-B8CF-D04F66750902}.Release|Any CPU.Build.0 = Release|Any CPU
		{C03B607D-C824-4030-B8CF-D04F66750902}.Release|x64.ActiveCfg = Release|Any CPU
		{C03B607D-C824-4030-B8CF-D04F66750902}.Release|x64.Build.0 = Release|Any CPU
		{C03B607D-C824-4030-B8CF-D04F66750902}.Release|x86.ActiveCfg = Release|Any CPU
		{C03B607D-C824-4030-B8CF-D04F66750902}.Release|x86.Build.0 = Release|Any CPU
		{B0296E3E-EBF2-4E87-9BD2-DEA34C522997}.Debug|Any CPU.ActiveCfg = Debug|Any CPU
		{B0296E3E-EBF2-4E87-9BD2-DEA34C522997}.Debug|Any CPU.Build.0 = Debug|Any CPU
		{B0296E3E-EBF2-4E87-9BD2-DEA34C522997}.Debug|x64.ActiveCfg = Debug|Any CPU
		{B0296E3E-EBF2-4E87-9BD2-DEA34C522997}.Debug|x64.Build.0 = Debug|Any CPU
		{B0296E3E-EBF2-4E87-9BD2-DEA34C522997}.Debug|x86.ActiveCfg = Debug|Any CPU
		{B0296E3E-EBF2-4E87-9BD2-DEA34C522997}.Debug|x86.Build.0 = Debug|Any CPU
		{B0296E3E-EBF2-4E87-9BD2-DEA34C522997}.Release|Any CPU.ActiveCfg = Release|Any CPU
		{B0296E3E-EBF2-4E87-9BD2-DEA34C522997}.Release|Any CPU.Build.0 = Release|Any CPU
		{B0296E3E-EBF2-4E87-9BD2-DEA34C522997}.Release|x64.ActiveCfg = Release|Any CPU
		{B0296E3E-EBF2-4E87-9BD2-DEA34C522997}.Release|x64.Build.0 = Release|Any CPU
		{B0296E3E-EBF2-4E87-9BD2-DEA34C522997}.Release|x86.ActiveCfg = Release|Any CPU
		{B0296E3E-EBF2-4E87-9BD2-DEA34C522997}.Release|x86.Build.0 = Release|Any CPU
		{19333BA5-7607-44DC-AFF7-86F785B55E4B}.Debug|Any CPU.ActiveCfg = Debug|Any CPU
		{19333BA5-7607-44DC-AFF7-86F785B55E4B}.Debug|Any CPU.Build.0 = Debug|Any CPU
		{19333BA5-7607-44DC-AFF7-86F785B55E4B}.Debug|x64.ActiveCfg = Debug|Any CPU
		{19333BA5-7607-44DC-AFF7-86F785B55E4B}.Debug|x64.Build.0 = Debug|Any CPU
		{19333BA5-7607-44DC-AFF7-86F785B55E4B}.Debug|x86.ActiveCfg = Debug|Any CPU
		{19333BA5-7607-44DC-AFF7-86F785B55E4B}.Debug|x86.Build.0 = Debug|Any CPU
		{19333BA5-7607-44DC-AFF7-86F785B55E4B}.Release|Any CPU.ActiveCfg = Release|Any CPU
		{19333BA5-7607-44DC-AFF7-86F785B55E4B}.Release|Any CPU.Build.0 = Release|Any CPU
		{19333BA5-7607-44DC-AFF7-86F785B55E4B}.Release|x64.ActiveCfg = Release|Any CPU
		{19333BA5-7607-44DC-AFF7-86F785B55E4B}.Release|x64.Build.0 = Release|Any CPU
		{19333BA5-7607-44DC-AFF7-86F785B55E4B}.Release|x86.ActiveCfg = Release|Any CPU
		{19333BA5-7607-44DC-AFF7-86F785B55E4B}.Release|x86.Build.0 = Release|Any CPU
		{20D0E8AE-7DA5-4E5F-A000-53C78B841C22}.Debug|Any CPU.ActiveCfg = Debug|Any CPU
		{20D0E8AE-7DA5-4E5F-A000-53C78B841C22}.Debug|Any CPU.Build.0 = Debug|Any CPU
		{20D0E8AE-7DA5-4E5F-A000-53C78B841C22}.Debug|x64.ActiveCfg = Debug|Any CPU
		{20D0E8AE-7DA5-4E5F-A000-53C78B841C22}.Debug|x64.Build.0 = Debug|Any CPU
		{20D0E8AE-7DA5-4E5F-A000-53C78B841C22}.Debug|x86.ActiveCfg = Debug|Any CPU
		{20D0E8AE-7DA5-4E5F-A000-53C78B841C22}.Debug|x86.Build.0 = Debug|Any CPU
		{20D0E8AE-7DA5-4E5F-A000-53C78B841C22}.Release|Any CPU.ActiveCfg = Release|Any CPU
		{20D0E8AE-7DA5-4E5F-A000-53C78B841C22}.Release|Any CPU.Build.0 = Release|Any CPU
		{20D0E8AE-7DA5-4E5F-A000-53C78B841C22}.Release|x64.ActiveCfg = Release|Any CPU
		{20D0E8AE-7DA5-4E5F-A000-53C78B841C22}.Release|x64.Build.0 = Release|Any CPU
		{20D0E8AE-7DA5-4E5F-A000-53C78B841C22}.Release|x86.ActiveCfg = Release|Any CPU
		{20D0E8AE-7DA5-4E5F-A000-53C78B841C22}.Release|x86.Build.0 = Release|Any CPU
		{964FB71C-A673-4ECA-A161-73D2ED60E90B}.Debug|Any CPU.ActiveCfg = Debug|Any CPU
		{964FB71C-A673-4ECA-A161-73D2ED60E90B}.Debug|Any CPU.Build.0 = Debug|Any CPU
		{964FB71C-A673-4ECA-A161-73D2ED60E90B}.Debug|x64.ActiveCfg = Debug|Any CPU
		{964FB71C-A673-4ECA-A161-73D2ED60E90B}.Debug|x64.Build.0 = Debug|Any CPU
		{964FB71C-A673-4ECA-A161-73D2ED60E90B}.Debug|x86.ActiveCfg = Debug|Any CPU
		{964FB71C-A673-4ECA-A161-73D2ED60E90B}.Debug|x86.Build.0 = Debug|Any CPU
		{964FB71C-A673-4ECA-A161-73D2ED60E90B}.Release|Any CPU.ActiveCfg = Release|Any CPU
		{964FB71C-A673-4ECA-A161-73D2ED60E90B}.Release|Any CPU.Build.0 = Release|Any CPU
		{964FB71C-A673-4ECA-A161-73D2ED60E90B}.Release|x64.ActiveCfg = Release|Any CPU
		{964FB71C-A673-4ECA-A161-73D2ED60E90B}.Release|x64.Build.0 = Release|Any CPU
		{964FB71C-A673-4ECA-A161-73D2ED60E90B}.Release|x86.ActiveCfg = Release|Any CPU
		{964FB71C-A673-4ECA-A161-73D2ED60E90B}.Release|x86.Build.0 = Release|Any CPU
		{42EF960D-E40F-4EC6-8038-B081C3BE1F28}.Debug|Any CPU.ActiveCfg = Debug|Any CPU
		{42EF960D-E40F-4EC6-8038-B081C3BE1F28}.Debug|Any CPU.Build.0 = Debug|Any CPU
		{42EF960D-E40F-4EC6-8038-B081C3BE1F28}.Debug|x64.ActiveCfg = Debug|Any CPU
		{42EF960D-E40F-4EC6-8038-B081C3BE1F28}.Debug|x64.Build.0 = Debug|Any CPU
		{42EF960D-E40F-4EC6-8038-B081C3BE1F28}.Debug|x86.ActiveCfg = Debug|Any CPU
		{42EF960D-E40F-4EC6-8038-B081C3BE1F28}.Debug|x86.Build.0 = Debug|Any CPU
		{42EF960D-E40F-4EC6-8038-B081C3BE1F28}.Release|Any CPU.ActiveCfg = Release|Any CPU
		{42EF960D-E40F-4EC6-8038-B081C3BE1F28}.Release|Any CPU.Build.0 = Release|Any CPU
		{42EF960D-E40F-4EC6-8038-B081C3BE1F28}.Release|x64.ActiveCfg = Release|Any CPU
		{42EF960D-E40F-4EC6-8038-B081C3BE1F28}.Release|x64.Build.0 = Release|Any CPU
		{42EF960D-E40F-4EC6-8038-B081C3BE1F28}.Release|x86.ActiveCfg = Release|Any CPU
		{42EF960D-E40F-4EC6-8038-B081C3BE1F28}.Release|x86.Build.0 = Release|Any CPU
		{014B6680-043F-43C9-BD3F-25100D6702B8}.Debug|Any CPU.ActiveCfg = Debug|Any CPU
		{014B6680-043F-43C9-BD3F-25100D6702B8}.Debug|Any CPU.Build.0 = Debug|Any CPU
		{014B6680-043F-43C9-BD3F-25100D6702B8}.Debug|x64.ActiveCfg = Debug|Any CPU
		{014B6680-043F-43C9-BD3F-25100D6702B8}.Debug|x64.Build.0 = Debug|Any CPU
		{014B6680-043F-43C9-BD3F-25100D6702B8}.Debug|x86.ActiveCfg = Debug|Any CPU
		{014B6680-043F-43C9-BD3F-25100D6702B8}.Debug|x86.Build.0 = Debug|Any CPU
		{014B6680-043F-43C9-BD3F-25100D6702B8}.Release|Any CPU.ActiveCfg = Release|Any CPU
		{014B6680-043F-43C9-BD3F-25100D6702B8}.Release|Any CPU.Build.0 = Release|Any CPU
		{014B6680-043F-43C9-BD3F-25100D6702B8}.Release|x64.ActiveCfg = Release|Any CPU
		{014B6680-043F-43C9-BD3F-25100D6702B8}.Release|x64.Build.0 = Release|Any CPU
		{014B6680-043F-43C9-BD3F-25100D6702B8}.Release|x86.ActiveCfg = Release|Any CPU
		{014B6680-043F-43C9-BD3F-25100D6702B8}.Release|x86.Build.0 = Release|Any CPU
		{A5AC2370-958E-4A1F-8C3C-931F46917BE5}.Debug|Any CPU.ActiveCfg = Debug|Any CPU
		{A5AC2370-958E-4A1F-8C3C-931F46917BE5}.Debug|Any CPU.Build.0 = Debug|Any CPU
		{A5AC2370-958E-4A1F-8C3C-931F46917BE5}.Debug|x64.ActiveCfg = Debug|Any CPU
		{A5AC2370-958E-4A1F-8C3C-931F46917BE5}.Debug|x64.Build.0 = Debug|Any CPU
		{A5AC2370-958E-4A1F-8C3C-931F46917BE5}.Debug|x86.ActiveCfg = Debug|Any CPU
		{A5AC2370-958E-4A1F-8C3C-931F46917BE5}.Debug|x86.Build.0 = Debug|Any CPU
		{A5AC2370-958E-4A1F-8C3C-931F46917BE5}.Release|Any CPU.ActiveCfg = Release|Any CPU
		{A5AC2370-958E-4A1F-8C3C-931F46917BE5}.Release|Any CPU.Build.0 = Release|Any CPU
		{A5AC2370-958E-4A1F-8C3C-931F46917BE5}.Release|x64.ActiveCfg = Release|Any CPU
		{A5AC2370-958E-4A1F-8C3C-931F46917BE5}.Release|x64.Build.0 = Release|Any CPU
		{A5AC2370-958E-4A1F-8C3C-931F46917BE5}.Release|x86.ActiveCfg = Release|Any CPU
		{A5AC2370-958E-4A1F-8C3C-931F46917BE5}.Release|x86.Build.0 = Release|Any CPU
		{C3326952-DAAD-4C4F-92F3-4C822E28D037}.Debug|Any CPU.ActiveCfg = Debug|Any CPU
		{C3326952-DAAD-4C4F-92F3-4C822E28D037}.Debug|Any CPU.Build.0 = Debug|Any CPU
		{C3326952-DAAD-4C4F-92F3-4C822E28D037}.Debug|x64.ActiveCfg = Debug|Any CPU
		{C3326952-DAAD-4C4F-92F3-4C822E28D037}.Debug|x64.Build.0 = Debug|Any CPU
		{C3326952-DAAD-4C4F-92F3-4C822E28D037}.Debug|x86.ActiveCfg = Debug|Any CPU
		{C3326952-DAAD-4C4F-92F3-4C822E28D037}.Debug|x86.Build.0 = Debug|Any CPU
		{C3326952-DAAD-4C4F-92F3-4C822E28D037}.Release|Any CPU.ActiveCfg = Release|Any CPU
		{C3326952-DAAD-4C4F-92F3-4C822E28D037}.Release|Any CPU.Build.0 = Release|Any CPU
		{C3326952-DAAD-4C4F-92F3-4C822E28D037}.Release|x64.ActiveCfg = Release|Any CPU
		{C3326952-DAAD-4C4F-92F3-4C822E28D037}.Release|x64.Build.0 = Release|Any CPU
		{C3326952-DAAD-4C4F-92F3-4C822E28D037}.Release|x86.ActiveCfg = Release|Any CPU
		{C3326952-DAAD-4C4F-92F3-4C822E28D037}.Release|x86.Build.0 = Release|Any CPU
	EndGlobalSection
	GlobalSection(SolutionProperties) = preSolution
		HideSolutionNode = FALSE
	EndGlobalSection
	GlobalSection(NestedProjects) = preSolution
		{1050C956-D4BE-4721-891C-72B1F416A2DC} = {827E0CD3-B72D-47B6-A68D-7590B98EB39B}
		{12625EFF-92A4-4924-9789-F713D9F200A4} = {827E0CD3-B72D-47B6-A68D-7590B98EB39B}
		{E8360CE0-361C-46DA-88CB-BFCCA64CB969} = {827E0CD3-B72D-47B6-A68D-7590B98EB39B}
		{36C05444-B087-480C-A581-19856274D406} = {827E0CD3-B72D-47B6-A68D-7590B98EB39B}
		{FB0F5300-839B-4C62-8254-700B2FC8AE09} = {827E0CD3-B72D-47B6-A68D-7590B98EB39B}
		{75F0425C-3615-4BD8-959B-5D9737CF03E4} = {827E0CD3-B72D-47B6-A68D-7590B98EB39B}
		{B18982F6-D0EF-466B-915D-798F793BC1E8} = {827E0CD3-B72D-47B6-A68D-7590B98EB39B}
		{033C7681-A909-4018-8547-70AADC6E8EA3} = {827E0CD3-B72D-47B6-A68D-7590B98EB39B}
		{C03B607D-C824-4030-B8CF-D04F66750902} = {827E0CD3-B72D-47B6-A68D-7590B98EB39B}
		{B0296E3E-EBF2-4E87-9BD2-DEA34C522997} = {827E0CD3-B72D-47B6-A68D-7590B98EB39B}
		{19333BA5-7607-44DC-AFF7-86F785B55E4B} = {827E0CD3-B72D-47B6-A68D-7590B98EB39B}
		{20D0E8AE-7DA5-4E5F-A000-53C78B841C22} = {827E0CD3-B72D-47B6-A68D-7590B98EB39B}
		{964FB71C-A673-4ECA-A161-73D2ED60E90B} = {827E0CD3-B72D-47B6-A68D-7590B98EB39B}
		{42EF960D-E40F-4EC6-8038-B081C3BE1F28} = {827E0CD3-B72D-47B6-A68D-7590B98EB39B}
		{014B6680-043F-43C9-BD3F-25100D6702B8} = {827E0CD3-B72D-47B6-A68D-7590B98EB39B}
		{A5AC2370-958E-4A1F-8C3C-931F46917BE5} = {827E0CD3-B72D-47B6-A68D-7590B98EB39B}
		{C3326952-DAAD-4C4F-92F3-4C822E28D037} = {0AB3BF05-4346-4AA6-1389-037BE0695223}
	EndGlobalSection
EndGlobal
